
Microsoft Visual Studio Solution File, Format Version 12.00
# Visual Studio Version 17
VisualStudioVersion = 17.3.32929.385
MinimumVisualStudioVersion = 10.0.40219.1
Project("{FAE04EC0-301F-11D3-BF4B-00C04F79EFBC}") = "RentMVVM", "RentMVVM\RentMVVM.csproj", "{985A08EF-8FD1-48FD-995F-C985AB5636AE}"
EndProject
Global
	GlobalSection(SolutionConfigurationPlatforms) = preSolution
		Debug|Any CPU = Debug|Any CPU
		Release|Any CPU = Release|Any CPU
	EndGlobalSection
	GlobalSection(ProjectConfigurationPlatforms) = postSolution
		{985A08EF-8FD1-48FD-995F-C985AB5636AE}.Debug|Any CPU.ActiveCfg = Debug|Any CPU
		{985A08EF-8FD1-48FD-995F-C985AB5636AE}.Debug|Any CPU.Build.0 = Debug|Any CPU
		{985A08EF-8FD1-48FD-995F-C985AB5636AE}.Release|Any CPU.ActiveCfg = Release|Any CPU
		{985A08EF-8FD1-48FD-995F-C985AB5636AE}.Release|Any CPU.Build.0 = Release|Any CPU
	EndGlobalSection
	GlobalSection(SolutionProperties) = preSolution
		HideSolutionNode = FALSE
	EndGlobalSection
	GlobalSection(ExtensibilityGlobals) = postSolution
		SolutionGuid = {06EB2F58-8623-4494-8124-54F8AB409913}
	EndGlobalSection
EndGlobal
